
Microsoft Visual Studio Solution File, Format Version 12.00
# Visual Studio Version 16
VisualStudioVersion = 16.0.31410.357
MinimumVisualStudioVersion = 10.0.40219.1
Project("{9A19103F-16F7-4668-BE54-9A1E7A4F7556}") = "GenConfigDrive", "src\GenConfigDrive\GenConfigDrive.csproj", "{A71DAC22-FD4F-476C-B694-70FD07413AC7}"
EndProject
Project("{9A19103F-16F7-4668-BE54-9A1E7A4F7556}") = "CloudInit.ConfigDrive.Core", "src\CloudInit.ConfigDrive.Core\CloudInit.ConfigDrive.Core.csproj", "{1CC6A38B-FCA8-4EB6-A3C1-33DFB41F8DBB}"
EndProject
Project("{9A19103F-16F7-4668-BE54-9A1E7A4F7556}") = "CloudInit.ConfigDrive.WindowsImaging", "src\CloudInit.ConfigDrive.WindowsImaging\CloudInit.ConfigDrive.WindowsImaging.csproj", "{77D7A071-FAA5-438C-8312-9AE2DCF872DC}"
EndProject
Project("{9A19103F-16F7-4668-BE54-9A1E7A4F7556}") = "CloudInit.ConfigDrive.Abstractions", "src\CloudInit.ConfigDrive.Abstractions\CloudInit.ConfigDrive.Abstractions.csproj", "{BF9DF076-07E1-422C-A044-36D3F832B5BE}"
EndProject
Project("{9A19103F-16F7-4668-BE54-9A1E7A4F7556}") = "CloudInit.ConfigDrive", "src\CloudInit.ConfigDrive\CloudInit.ConfigDrive.csproj", "{F393029E-52DF-44C3-818D-94B71807E335}"
EndProject
Project("{9A19103F-16F7-4668-BE54-9A1E7A4F7556}") = "CloudInit.ConfigDrive.NoCloud", "src\CloudInit.ConfigDrive.NoCloud\CloudInit.ConfigDrive.NoCloud.csproj", "{1B4A5A68-A987-4B31-BAC6-20F130B6C171}"
EndProject
Project("{2150E333-8FDC-42A3-9474-1A3956D46DE8}") = "Solution Items", "Solution Items", "{70C39639-242A-453A-B07B-AAB22AE4207F}"
	ProjectSection(SolutionItems) = preProject
		gitversion.yml = gitversion.yml
	EndProjectSection
EndProject
Global
	GlobalSection(SolutionConfigurationPlatforms) = preSolution
		Debug|Any CPU = Debug|Any CPU
		Release|Any CPU = Release|Any CPU
	EndGlobalSection
	GlobalSection(ProjectConfigurationPlatforms) = postSolution
		{A71DAC22-FD4F-476C-B694-70FD07413AC7}.Debug|Any CPU.ActiveCfg = Debug|Any CPU
		{A71DAC22-FD4F-476C-B694-70FD07413AC7}.Debug|Any CPU.Build.0 = Debug|Any CPU
		{A71DAC22-FD4F-476C-B694-70FD07413AC7}.Release|Any CPU.ActiveCfg = Release|Any CPU
		{A71DAC22-FD4F-476C-B694-70FD07413AC7}.Release|Any CPU.Build.0 = Release|Any CPU
		{1CC6A38B-FCA8-4EB6-A3C1-33DFB41F8DBB}.Debug|Any CPU.ActiveCfg = Debug|Any CPU
		{1CC6A38B-FCA8-4EB6-A3C1-33DFB41F8DBB}.Debug|Any CPU.Build.0 = Debug|Any CPU
		{1CC6A38B-FCA8-4EB6-A3C1-33DFB41F8DBB}.Release|Any CPU.ActiveCfg = Release|Any CPU
		{1CC6A38B-FCA8-4EB6-A3C1-33DFB41F8DBB}.Release|Any CPU.Build.0 = Release|Any CPU
		{77D7A071-FAA5-438C-8312-9AE2DCF872DC}.Debug|Any CPU.ActiveCfg = Debug|Any CPU
		{77D7A071-FAA5-438C-8312-9AE2DCF872DC}.Debug|Any CPU.Build.0 = Debug|Any CPU
		{77D7A071-FAA5-438C-8312-9AE2DCF872DC}.Release|Any CPU.ActiveCfg = Release|Any CPU
		{77D7A071-FAA5-438C-8312-9AE2DCF872DC}.Release|Any CPU.Build.0 = Release|Any CPU
		{BF9DF076-07E1-422C-A044-36D3F832B5BE}.Debug|Any CPU.ActiveCfg = Debug|Any CPU
		{BF9DF076-07E1-422C-A044-36D3F832B5BE}.Debug|Any CPU.Build.0 = Debug|Any CPU
		{BF9DF076-07E1-422C-A044-36D3F832B5BE}.Release|Any CPU.ActiveCfg = Release|Any CPU
		{BF9DF076-07E1-422C-A044-36D3F832B5BE}.Release|Any CPU.Build.0 = Release|Any CPU
		{F393029E-52DF-44C3-818D-94B71807E335}.Debug|Any CPU.ActiveCfg = Debug|Any CPU
		{F393029E-52DF-44C3-818D-94B71807E335}.Debug|Any CPU.Build.0 = Debug|Any CPU
		{F393029E-52DF-44C3-818D-94B71807E335}.Release|Any CPU.ActiveCfg = Release|Any CPU
		{F393029E-52DF-44C3-818D-94B71807E335}.Release|Any CPU.Build.0 = Release|Any CPU
		{1B4A5A68-A987-4B31-BAC6-20F130B6C171}.Debug|Any CPU.ActiveCfg = Debug|Any CPU
		{1B4A5A68-A987-4B31-BAC6-20F130B6C171}.Debug|Any CPU.Build.0 = Debug|Any CPU
		{1B4A5A68-A987-4B31-BAC6-20F130B6C171}.Release|Any CPU.ActiveCfg = Release|Any CPU
		{1B4A5A68-A987-4B31-BAC6-20F130B6C171}.Release|Any CPU.Build.0 = Release|Any CPU
	EndGlobalSection
	GlobalSection(SolutionProperties) = preSolution
		HideSolutionNode = FALSE
	EndGlobalSection
	GlobalSection(ExtensibilityGlobals) = postSolution
		SolutionGuid = {46F8F7D9-10BC-4964-866B-84DE74EB43BD}
	EndGlobalSection
EndGlobal
