
Microsoft Visual Studio Solution File, Format Version 12.00
# Visual Studio 15
VisualStudioVersion = 15.0.27428.2015
MinimumVisualStudioVersion = 10.0.40219.1
Project("{FAE04EC0-301F-11D3-BF4B-00C04F79EFBC}") = "NewCloudInitConfigDrive", "src\NewCloudInitConfigDrive\NewCloudInitConfigDrive.csproj", "{4FDD02EB-138C-465B-8D41-22FD3738E4C7}"
EndProject
Project("{FAE04EC0-301F-11D3-BF4B-00C04F79EFBC}") = "Windows.ImagingApi", "src\Windows.ImagingApi\Windows.ImagingApi.csproj", "{47CC75BB-AD6A-4596-9E55-8CD427A88BBE}"
EndProject
Project("{FAE04EC0-301F-11D3-BF4B-00C04F79EFBC}") = "CloudInit.ConfigDrive", "src\CloudInit.ConfigDrive\CloudInit.ConfigDrive.csproj", "{80871107-F264-4776-9942-AB80C227C613}"
EndProject
Global
	GlobalSection(SolutionConfigurationPlatforms) = preSolution
		Debug|Any CPU = Debug|Any CPU
		Release|Any CPU = Release|Any CPU
	EndGlobalSection
	GlobalSection(ProjectConfigurationPlatforms) = postSolution
		{4FDD02EB-138C-465B-8D41-22FD3738E4C7}.Debug|Any CPU.ActiveCfg = Debug|Any CPU
		{4FDD02EB-138C-465B-8D41-22FD3738E4C7}.Debug|Any CPU.Build.0 = Debug|Any CPU
		{4FDD02EB-138C-465B-8D41-22FD3738E4C7}.Release|Any CPU.ActiveCfg = Release|Any CPU
		{4FDD02EB-138C-465B-8D41-22FD3738E4C7}.Release|Any CPU.Build.0 = Release|Any CPU
		{47CC75BB-AD6A-4596-9E55-8CD427A88BBE}.Debug|Any CPU.ActiveCfg = Debug|Any CPU
		{47CC75BB-AD6A-4596-9E55-8CD427A88BBE}.Debug|Any CPU.Build.0 = Debug|Any CPU
		{47CC75BB-AD6A-4596-9E55-8CD427A88BBE}.Release|Any CPU.ActiveCfg = Release|Any CPU
		{47CC75BB-AD6A-4596-9E55-8CD427A88BBE}.Release|Any CPU.Build.0 = Release|Any CPU
		{80871107-F264-4776-9942-AB80C227C613}.Debug|Any CPU.ActiveCfg = Debug|Any CPU
		{80871107-F264-4776-9942-AB80C227C613}.Debug|Any CPU.Build.0 = Debug|Any CPU
		{80871107-F264-4776-9942-AB80C227C613}.Release|Any CPU.ActiveCfg = Release|Any CPU
		{80871107-F264-4776-9942-AB80C227C613}.Release|Any CPU.Build.0 = Release|Any CPU
	EndGlobalSection
	GlobalSection(SolutionProperties) = preSolution
		HideSolutionNode = FALSE
	EndGlobalSection
	GlobalSection(ExtensibilityGlobals) = postSolution
		SolutionGuid = {46F8F7D9-10BC-4964-866B-84DE74EB43BD}
	EndGlobalSection
EndGlobal
